
Microsoft Visual Studio Solution File, Format Version 12.00
# Visual Studio Version 16
VisualStudioVersion = 16.0.31005.135
MinimumVisualStudioVersion = 10.0.40219.1
Project("{FAE04EC0-301F-11D3-BF4B-00C04F79EFBC}") = "RegionIssueDemo", "RegionIssueDemo.csproj", "{D61EBDC5-4B76-4C76-8008-5381BC635377}"
EndProject
Project("{FAE04EC0-301F-11D3-BF4B-00C04F79EFBC}") = "Core", "Core\Core.csproj", "{B83414C0-C489-44AC-BA7D-120C2385D96D}"
EndProject
Global
	GlobalSection(SolutionConfigurationPlatforms) = preSolution
		Debug|Any CPU = Debug|Any CPU
		Release|Any CPU = Release|Any CPU
	EndGlobalSection
	GlobalSection(ProjectConfigurationPlatforms) = postSolution
		{D61EBDC5-4B76-4C76-8008-5381BC635377}.Debug|Any CPU.ActiveCfg = Debug|Any CPU
		{D61EBDC5-4B76-4C76-8008-5381BC635377}.Debug|Any CPU.Build.0 = Debug|Any CPU
		{D61EBDC5-4B76-4C76-8008-5381BC635377}.Release|Any CPU.ActiveCfg = Release|Any CPU
		{D61EBDC5-4B76-4C76-8008-5381BC635377}.Release|Any CPU.Build.0 = Release|Any CPU
		{B83414C0-C489-44AC-BA7D-120C2385D96D}.Debug|Any CPU.ActiveCfg = Debug|Any CPU
		{B83414C0-C489-44AC-BA7D-120C2385D96D}.Debug|Any CPU.Build.0 = Debug|Any CPU
		{B83414C0-C489-44AC-BA7D-120C2385D96D}.Release|Any CPU.ActiveCfg = Release|Any CPU
		{B83414C0-C489-44AC-BA7D-120C2385D96D}.Release|Any CPU.Build.0 = Release|Any CPU
	EndGlobalSection
	GlobalSection(SolutionProperties) = preSolution
		HideSolutionNode = FALSE
	EndGlobalSection
	GlobalSection(ExtensibilityGlobals) = postSolution
		SolutionGuid = {BA9D213F-1DCD-431C-90AB-0840AA5E8B22}
	EndGlobalSection
EndGlobal
